
Microsoft Visual Studio Solution File, Format Version 12.00
# Visual Studio Version 16
VisualStudioVersion = 16.0.31702.278
MinimumVisualStudioVersion = 10.0.40219.1
Project("{FAE04EC0-301F-11D3-BF4B-00C04F79EFBC}") = "ESERCIZI FOGLIO 1 2", "ESERCIZI FOGLIO 1 2\ESERCIZI FOGLIO 1 2.csproj", "{81040F21-A20B-4F20-AE66-DA658FA4063E}"
EndProject
Global
	GlobalSection(SolutionConfigurationPlatforms) = preSolution
		Debug|Any CPU = Debug|Any CPU
		Release|Any CPU = Release|Any CPU
	EndGlobalSection
	GlobalSection(ProjectConfigurationPlatforms) = postSolution
		{81040F21-A20B-4F20-AE66-DA658FA4063E}.Debug|Any CPU.ActiveCfg = Debug|Any CPU
		{81040F21-A20B-4F20-AE66-DA658FA4063E}.Debug|Any CPU.Build.0 = Debug|Any CPU
		{81040F21-A20B-4F20-AE66-DA658FA4063E}.Release|Any CPU.ActiveCfg = Release|Any CPU
		{81040F21-A20B-4F20-AE66-DA658FA4063E}.Release|Any CPU.Build.0 = Release|Any CPU
	EndGlobalSection
	GlobalSection(SolutionProperties) = preSolution
		HideSolutionNode = FALSE
	EndGlobalSection
	GlobalSection(ExtensibilityGlobals) = postSolution
		SolutionGuid = {EE292128-CB18-41BE-A0BC-9B421B769D73}
	EndGlobalSection
EndGlobal
